
Microsoft Visual Studio Solution File, Format Version 11.00
# Visual Studio 2010
Project("{8BC9CEB8-8B4A-11D0-8D11-00A0C91BC942}") = "GsWin", "GsWin\GsWin.vcxproj", "{BF2A5037-B630-4875-9427-0C7F30C4F488}"
EndProject
Global
	GlobalSection(SolutionConfigurationPlatforms) = preSolution
		Release|Win32 = Release|Win32
	EndGlobalSection
	GlobalSection(ProjectConfigurationPlatforms) = postSolution
		{BF2A5037-B630-4875-9427-0C7F30C4F488}.Release|Win32.ActiveCfg = Release|Win32
		{BF2A5037-B630-4875-9427-0C7F30C4F488}.Release|Win32.Build.0 = Release|Win32
	EndGlobalSection
	GlobalSection(SolutionProperties) = preSolution
		HideSolutionNode = FALSE
	EndGlobalSection
EndGlobal
